
Microsoft Visual Studio Solution File, Format Version 11.00
# Visual Studio 2010
Project("{FAE04EC0-301F-11D3-BF4B-00C04F79EFBC}") = "SimpleWebTransport", "SimpleWebTransport.csproj", "{B4B15060-941B-9445-DEB7-B5CD51BC5D42}"
EndProject
Project("{FAE04EC0-301F-11D3-BF4B-00C04F79EFBC}") = "Mirror", "Mirror.csproj", "{B29F44EC-8DBA-A387-8932-D7DC0F69217E}"
EndProject
Project("{FAE04EC0-301F-11D3-BF4B-00C04F79EFBC}") = "Mirror.Cloud", "Mirror.Cloud.csproj", "{3A450FB6-E075-20DD-2EFC-A00A68D65761}"
EndProject
Project("{FAE04EC0-301F-11D3-BF4B-00C04F79EFBC}") = "Mirror.Examples", "Mirror.Examples.csproj", "{05B016BF-2F05-CCDD-BCF4-514FA2CC4E51}"
EndProject
Project("{FAE04EC0-301F-11D3-BF4B-00C04F79EFBC}") = "Mirror.Components", "Mirror.Components.csproj", "{A9DA14B9-C99D-A734-F347-DD2E8399F38A}"
EndProject
Project("{FAE04EC0-301F-11D3-BF4B-00C04F79EFBC}") = "Mirror.Examples.Cloud.GUI", "Mirror.Examples.Cloud.GUI.csproj", "{3F871238-CC6B-1AFD-9035-B8DC50AD29D4}"
EndProject
Project("{FAE04EC0-301F-11D3-BF4B-00C04F79EFBC}") = "kcp2k", "kcp2k.csproj", "{31942BCB-D191-AD4B-5878-1108AAB46FB9}"
EndProject
Project("{FAE04EC0-301F-11D3-BF4B-00C04F79EFBC}") = "Telepathy", "Telepathy.csproj", "{9785470E-BABD-0AC4-FEA0-97D8B8426044}"
EndProject
Project("{FAE04EC0-301F-11D3-BF4B-00C04F79EFBC}") = "Assembly-CSharp", "Assembly-CSharp.csproj", "{86044068-4B41-47AE-B820-47C9AC3CA42E}"
EndProject
Project("{FAE04EC0-301F-11D3-BF4B-00C04F79EFBC}") = "Mirror.Authenticators", "Mirror.Authenticators.csproj", "{12E2131C-0A27-FFD4-C65A-B41A04A59F23}"
EndProject
Project("{FAE04EC0-301F-11D3-BF4B-00C04F79EFBC}") = "Mirror.example.RigidbodyPhysics", "Mirror.example.RigidbodyPhysics.csproj", "{6C5CC528-2062-B095-4BD3-2BC20585EFAE}"
EndProject
Project("{FAE04EC0-301F-11D3-BF4B-00C04F79EFBC}") = "Mirror.Examples.Cloud.Pong", "Mirror.Examples.Cloud.Pong.csproj", "{43E4121A-D376-C9D7-32DB-49971D43F951}"
EndProject
Project("{FAE04EC0-301F-11D3-BF4B-00C04F79EFBC}") = "Mirror.Weaver", "Mirror.Weaver.csproj", "{BB5824E5-8176-96C5-3B1A-6DF5F794C870}"
EndProject
Project("{FAE04EC0-301F-11D3-BF4B-00C04F79EFBC}") = "Mirror.Editor", "Mirror.Editor.csproj", "{DD78BF96-8B6E-87FC-0525-C46974329533}"
EndProject
Project("{FAE04EC0-301F-11D3-BF4B-00C04F79EFBC}") = "Mirror.CompilerSymbols", "Mirror.CompilerSymbols.csproj", "{1B54DEF2-53F4-AD77-21BC-50D15C02699B}"
EndProject
Global
	GlobalSection(SolutionConfigurationPlatforms) = preSolution
		Debug|Any CPU = Debug|Any CPU
		Release|Any CPU = Release|Any CPU
	EndGlobalSection
	GlobalSection(ProjectConfigurationPlatforms) = postSolution
		{B4B15060-941B-9445-DEB7-B5CD51BC5D42}.Debug|Any CPU.ActiveCfg = Debug|Any CPU
		{B4B15060-941B-9445-DEB7-B5CD51BC5D42}.Debug|Any CPU.Build.0 = Debug|Any CPU
		{B4B15060-941B-9445-DEB7-B5CD51BC5D42}.Release|Any CPU.ActiveCfg = Release|Any CPU
		{B4B15060-941B-9445-DEB7-B5CD51BC5D42}.Release|Any CPU.Build.0 = Release|Any CPU
		{B29F44EC-8DBA-A387-8932-D7DC0F69217E}.Debug|Any CPU.ActiveCfg = Debug|Any CPU
		{B29F44EC-8DBA-A387-8932-D7DC0F69217E}.Debug|Any CPU.Build.0 = Debug|Any CPU
		{B29F44EC-8DBA-A387-8932-D7DC0F69217E}.Release|Any CPU.ActiveCfg = Release|Any CPU
		{B29F44EC-8DBA-A387-8932-D7DC0F69217E}.Release|Any CPU.Build.0 = Release|Any CPU
		{3A450FB6-E075-20DD-2EFC-A00A68D65761}.Debug|Any CPU.ActiveCfg = Debug|Any CPU
		{3A450FB6-E075-20DD-2EFC-A00A68D65761}.Debug|Any CPU.Build.0 = Debug|Any CPU
		{3A450FB6-E075-20DD-2EFC-A00A68D65761}.Release|Any CPU.ActiveCfg = Release|Any CPU
		{3A450FB6-E075-20DD-2EFC-A00A68D65761}.Release|Any CPU.Build.0 = Release|Any CPU
		{05B016BF-2F05-CCDD-BCF4-514FA2CC4E51}.Debug|Any CPU.ActiveCfg = Debug|Any CPU
		{05B016BF-2F05-CCDD-BCF4-514FA2CC4E51}.Debug|Any CPU.Build.0 = Debug|Any CPU
		{05B016BF-2F05-CCDD-BCF4-514FA2CC4E51}.Release|Any CPU.ActiveCfg = Release|Any CPU
		{05B016BF-2F05-CCDD-BCF4-514FA2CC4E51}.Release|Any CPU.Build.0 = Release|Any CPU
		{A9DA14B9-C99D-A734-F347-DD2E8399F38A}.Debug|Any CPU.ActiveCfg = Debug|Any CPU
		{A9DA14B9-C99D-A734-F347-DD2E8399F38A}.Debug|Any CPU.Build.0 = Debug|Any CPU
		{A9DA14B9-C99D-A734-F347-DD2E8399F38A}.Release|Any CPU.ActiveCfg = Release|Any CPU
		{A9DA14B9-C99D-A734-F347-DD2E8399F38A}.Release|Any CPU.Build.0 = Release|Any CPU
		{3F871238-CC6B-1AFD-9035-B8DC50AD29D4}.Debug|Any CPU.ActiveCfg = Debug|Any CPU
		{3F871238-CC6B-1AFD-9035-B8DC50AD29D4}.Debug|Any CPU.Build.0 = Debug|Any CPU
		{3F871238-CC6B-1AFD-9035-B8DC50AD29D4}.Release|Any CPU.ActiveCfg = Release|Any CPU
		{3F871238-CC6B-1AFD-9035-B8DC50AD29D4}.Release|Any CPU.Build.0 = Release|Any CPU
		{31942BCB-D191-AD4B-5878-1108AAB46FB9}.Debug|Any CPU.ActiveCfg = Debug|Any CPU
		{31942BCB-D191-AD4B-5878-1108AAB46FB9}.Debug|Any CPU.Build.0 = Debug|Any CPU
		{31942BCB-D191-AD4B-5878-1108AAB46FB9}.Release|Any CPU.ActiveCfg = Release|Any CPU
		{31942BCB-D191-AD4B-5878-1108AAB46FB9}.Release|Any CPU.Build.0 = Release|Any CPU
		{9785470E-BABD-0AC4-FEA0-97D8B8426044}.Debug|Any CPU.ActiveCfg = Debug|Any CPU
		{9785470E-BABD-0AC4-FEA0-97D8B8426044}.Debug|Any CPU.Build.0 = Debug|Any CPU
		{9785470E-BABD-0AC4-FEA0-97D8B8426044}.Release|Any CPU.ActiveCfg = Release|Any CPU
		{9785470E-BABD-0AC4-FEA0-97D8B8426044}.Release|Any CPU.Build.0 = Release|Any CPU
		{86044068-4B41-47AE-B820-47C9AC3CA42E}.Debug|Any CPU.ActiveCfg = Debug|Any CPU
		{86044068-4B41-47AE-B820-47C9AC3CA42E}.Debug|Any CPU.Build.0 = Debug|Any CPU
		{86044068-4B41-47AE-B820-47C9AC3CA42E}.Release|Any CPU.ActiveCfg = Release|Any CPU
		{86044068-4B41-47AE-B820-47C9AC3CA42E}.Release|Any CPU.Build.0 = Release|Any CPU
		{12E2131C-0A27-FFD4-C65A-B41A04A59F23}.Debug|Any CPU.ActiveCfg = Debug|Any CPU
		{12E2131C-0A27-FFD4-C65A-B41A04A59F23}.Debug|Any CPU.Build.0 = Debug|Any CPU
		{12E2131C-0A27-FFD4-C65A-B41A04A59F23}.Release|Any CPU.ActiveCfg = Release|Any CPU
		{12E2131C-0A27-FFD4-C65A-B41A04A59F23}.Release|Any CPU.Build.0 = Release|Any CPU
		{6C5CC528-2062-B095-4BD3-2BC20585EFAE}.Debug|Any CPU.ActiveCfg = Debug|Any CPU
		{6C5CC528-2062-B095-4BD3-2BC20585EFAE}.Debug|Any CPU.Build.0 = Debug|Any CPU
		{6C5CC528-2062-B095-4BD3-2BC20585EFAE}.Release|Any CPU.ActiveCfg = Release|Any CPU
		{6C5CC528-2062-B095-4BD3-2BC20585EFAE}.Release|Any CPU.Build.0 = Release|Any CPU
		{43E4121A-D376-C9D7-32DB-49971D43F951}.Debug|Any CPU.ActiveCfg = Debug|Any CPU
		{43E4121A-D376-C9D7-32DB-49971D43F951}.Debug|Any CPU.Build.0 = Debug|Any CPU
		{43E4121A-D376-C9D7-32DB-49971D43F951}.Release|Any CPU.ActiveCfg = Release|Any CPU
		{43E4121A-D376-C9D7-32DB-49971D43F951}.Release|Any CPU.Build.0 = Release|Any CPU
		{BB5824E5-8176-96C5-3B1A-6DF5F794C870}.Debug|Any CPU.ActiveCfg = Debug|Any CPU
		{BB5824E5-8176-96C5-3B1A-6DF5F794C870}.Debug|Any CPU.Build.0 = Debug|Any CPU
		{BB5824E5-8176-96C5-3B1A-6DF5F794C870}.Release|Any CPU.ActiveCfg = Release|Any CPU
		{BB5824E5-8176-96C5-3B1A-6DF5F794C870}.Release|Any CPU.Build.0 = Release|Any CPU
		{DD78BF96-8B6E-87FC-0525-C46974329533}.Debug|Any CPU.ActiveCfg = Debug|Any CPU
		{DD78BF96-8B6E-87FC-0525-C46974329533}.Debug|Any CPU.Build.0 = Debug|Any CPU
		{DD78BF96-8B6E-87FC-0525-C46974329533}.Release|Any CPU.ActiveCfg = Release|Any CPU
		{DD78BF96-8B6E-87FC-0525-C46974329533}.Release|Any CPU.Build.0 = Release|Any CPU
		{1B54DEF2-53F4-AD77-21BC-50D15C02699B}.Debug|Any CPU.ActiveCfg = Debug|Any CPU
		{1B54DEF2-53F4-AD77-21BC-50D15C02699B}.Debug|Any CPU.Build.0 = Debug|Any CPU
		{1B54DEF2-53F4-AD77-21BC-50D15C02699B}.Release|Any CPU.ActiveCfg = Release|Any CPU
		{1B54DEF2-53F4-AD77-21BC-50D15C02699B}.Release|Any CPU.Build.0 = Release|Any CPU
	EndGlobalSection
	GlobalSection(SolutionProperties) = preSolution
		HideSolutionNode = FALSE
	EndGlobalSection
EndGlobal
