
Microsoft Visual Studio Solution File, Format Version 11.00
# Visual Studio 2010
Project("{FAE04EC0-301F-11D3-BF4B-00C04F79EFBC}") = "PhotonUnityNetworking.Demos", "PhotonUnityNetworking.Demos.csproj", "{e2514af4-62d1-db60-524f-f371acd88806}"
EndProject
Project("{FAE04EC0-301F-11D3-BF4B-00C04F79EFBC}") = "PhotonUnityNetworking.Utilities", "PhotonUnityNetworking.Utilities.csproj", "{201118fe-645a-8db8-c5fe-fab0df9d8c7d}"
EndProject
Project("{FAE04EC0-301F-11D3-BF4B-00C04F79EFBC}") = "Assembly-CSharp", "Assembly-CSharp.csproj", "{91f5b14a-4c4e-aaac-195f-3b7e36965691}"
EndProject
Project("{FAE04EC0-301F-11D3-BF4B-00C04F79EFBC}") = "PhotonUnityNetworking", "PhotonUnityNetworking.csproj", "{4120eb37-805b-142f-e0b6-f789029a87e3}"
EndProject
Project("{FAE04EC0-301F-11D3-BF4B-00C04F79EFBC}") = "PhotonRealtime", "PhotonRealtime.csproj", "{454d2ae3-68ba-5d7d-17f7-57f8a7f477e7}"
EndProject
Project("{FAE04EC0-301F-11D3-BF4B-00C04F79EFBC}") = "PhotonChat", "PhotonChat.csproj", "{f433c245-74be-6102-c56f-377277879283}"
EndProject
Project("{FAE04EC0-301F-11D3-BF4B-00C04F79EFBC}") = "PhotonUnityNetworking.Editor", "PhotonUnityNetworking.Editor.csproj", "{0c86a600-2a6f-b286-a410-9b8843974d2b}"
EndProject
Project("{FAE04EC0-301F-11D3-BF4B-00C04F79EFBC}") = "Assembly-CSharp-Editor", "Assembly-CSharp-Editor.csproj", "{eb7d7025-8997-55d6-7169-6084f30299fe}"
EndProject
Project("{FAE04EC0-301F-11D3-BF4B-00C04F79EFBC}") = "PunDemos.DemoSlotcarEditor", "PunDemos.DemoSlotcarEditor.csproj", "{7180c859-32fa-5d91-9241-b58d24218668}"
EndProject
Project("{FAE04EC0-301F-11D3-BF4B-00C04F79EFBC}") = "PhotonUnityNetworking.Utilities.Culling.Editor", "PhotonUnityNetworking.Utilities.Culling.Editor.csproj", "{ff27d680-c08d-ae2d-f17f-398edec82f14}"
EndProject
Project("{FAE04EC0-301F-11D3-BF4B-00C04F79EFBC}") = "PunDemos.DemoHubEditor", "PunDemos.DemoHubEditor.csproj", "{62298a55-4038-1ca4-83a9-ab87cb5b709c}"
EndProject
Project("{FAE04EC0-301F-11D3-BF4B-00C04F79EFBC}") = "PhotonUnityNetworking.Utilities.PhotonPlayer.Editor", "PhotonUnityNetworking.Utilities.PhotonPlayer.Editor.csproj", "{78d93f2d-5970-b094-8b66-2838a350c366}"
EndProject
Global
	GlobalSection(SolutionConfigurationPlatforms) = preSolution
		Debug|Any CPU = Debug|Any CPU
	EndGlobalSection
	GlobalSection(ProjectConfigurationPlatforms) = postSolution
		{e2514af4-62d1-db60-524f-f371acd88806}.Debug|Any CPU.ActiveCfg = Debug|Any CPU
		{e2514af4-62d1-db60-524f-f371acd88806}.Debug|Any CPU.Build.0 = Debug|Any CPU
		{201118fe-645a-8db8-c5fe-fab0df9d8c7d}.Debug|Any CPU.ActiveCfg = Debug|Any CPU
		{201118fe-645a-8db8-c5fe-fab0df9d8c7d}.Debug|Any CPU.Build.0 = Debug|Any CPU
		{91f5b14a-4c4e-aaac-195f-3b7e36965691}.Debug|Any CPU.ActiveCfg = Debug|Any CPU
		{91f5b14a-4c4e-aaac-195f-3b7e36965691}.Debug|Any CPU.Build.0 = Debug|Any CPU
		{4120eb37-805b-142f-e0b6-f789029a87e3}.Debug|Any CPU.ActiveCfg = Debug|Any CPU
		{4120eb37-805b-142f-e0b6-f789029a87e3}.Debug|Any CPU.Build.0 = Debug|Any CPU
		{454d2ae3-68ba-5d7d-17f7-57f8a7f477e7}.Debug|Any CPU.ActiveCfg = Debug|Any CPU
		{454d2ae3-68ba-5d7d-17f7-57f8a7f477e7}.Debug|Any CPU.Build.0 = Debug|Any CPU
		{f433c245-74be-6102-c56f-377277879283}.Debug|Any CPU.ActiveCfg = Debug|Any CPU
		{f433c245-74be-6102-c56f-377277879283}.Debug|Any CPU.Build.0 = Debug|Any CPU
		{0c86a600-2a6f-b286-a410-9b8843974d2b}.Debug|Any CPU.ActiveCfg = Debug|Any CPU
		{0c86a600-2a6f-b286-a410-9b8843974d2b}.Debug|Any CPU.Build.0 = Debug|Any CPU
		{eb7d7025-8997-55d6-7169-6084f30299fe}.Debug|Any CPU.ActiveCfg = Debug|Any CPU
		{eb7d7025-8997-55d6-7169-6084f30299fe}.Debug|Any CPU.Build.0 = Debug|Any CPU
		{7180c859-32fa-5d91-9241-b58d24218668}.Debug|Any CPU.ActiveCfg = Debug|Any CPU
		{7180c859-32fa-5d91-9241-b58d24218668}.Debug|Any CPU.Build.0 = Debug|Any CPU
		{ff27d680-c08d-ae2d-f17f-398edec82f14}.Debug|Any CPU.ActiveCfg = Debug|Any CPU
		{ff27d680-c08d-ae2d-f17f-398edec82f14}.Debug|Any CPU.Build.0 = Debug|Any CPU
		{62298a55-4038-1ca4-83a9-ab87cb5b709c}.Debug|Any CPU.ActiveCfg = Debug|Any CPU
		{62298a55-4038-1ca4-83a9-ab87cb5b709c}.Debug|Any CPU.Build.0 = Debug|Any CPU
		{78d93f2d-5970-b094-8b66-2838a350c366}.Debug|Any CPU.ActiveCfg = Debug|Any CPU
		{78d93f2d-5970-b094-8b66-2838a350c366}.Debug|Any CPU.Build.0 = Debug|Any CPU
	EndGlobalSection
	GlobalSection(SolutionProperties) = preSolution
		HideSolutionNode = FALSE
	EndGlobalSection
EndGlobal
